lockfileVersion: 5.3

specifiers:
  isomorphic-fetch: ^3.0.0
  superstruct: ^0.15.3
  yaml: ^2.0.0-9

dependencies:
  isomorphic-fetch: 3.0.0
  superstruct: 0.15.3
  yaml: 2.0.0-9

packages:

  /isomorphic-fetch/3.0.0:
    resolution: {integrity: sha512-qvUtwJ3j6qwsF3jLxkZ72qCgjMysPzDfeV240JHiGZsANBYd+EEuu35v7dfrJ9Up0Ak07D7GGSkGhCHTqg/5wA==}
    dependencies:
      node-fetch: 2.6.6
      whatwg-fetch: 3.6.2
    dev: false

  /node-fetch/2.6.6:
    resolution: {integrity: sha512-Z8/6vRlTUChSdIgMa51jxQ4lrw/Jy5SOW10ObaA47/RElsAN2c5Pn8bTgFGWn/ibwzXTE8qwr1Yzx28vsecXEA==}
    engines: {node: 4.x || >=6.0.0}
    dependencies:
      whatwg-url: 5.0.0
    dev: false

  /superstruct/0.15.3:
    resolution: {integrity: sha512-wilec1Rg3FtKuRjRyCt70g5W29YUEuaLnybdVQUI+VQ7m0bw8k7TzrRv5iYmo6IpjLVrwxP5t3RgjAVqhYh4Fg==}
    dev: false

  /tr46/0.0.3:
    resolution: {integrity: sha1-gYT9NH2snNwYWZLzpmIuFLnZq2o=}
    dev: false

  /webidl-conversions/3.0.1:
    resolution: {integrity: sha1-JFNCdeKnvGvnvIZhHMFq4KVlSHE=}
    dev: false

  /whatwg-fetch/3.6.2:
    resolution: {integrity: sha512-bJlen0FcuU/0EMLrdbJ7zOnW6ITZLrZMIarMUVmdKtsGvZna8vxKYaexICWPfZ8qwf9fzNq+UEIZrnSaApt6RA==}
    dev: false

  /whatwg-url/5.0.0:
    resolution: {integrity: sha1-lmRU6HZUYuN2RNNib2dCzotwll0=}
    dependencies:
      tr46: 0.0.3
      webidl-conversions: 3.0.1
    dev: false

  /yaml/2.0.0-9:
    resolution: {integrity: sha512-Bf2KowHjyVkIIiGMt7+fbhmlvKOaE8DWuD07bnL4+FQ9sPmEl/5IzGpBpoxPqOaHuyasBjJhyXDcISpJWfhCGw==}
    engines: {node: '>= 12'}
    dev: false
